{
  "name": "gestureailock-machinelearning_powered_hand_gesture_password_detection",
  "version": "1.0.0",
  "lockfileVersion": 3,
  "requires": true,
  "packages": {
    "": {
      "name": "gestureailock-machinelearning_powered_hand_gesture_password_detection",
      "version": "1.0.0",
      "license": "ISC"
    }
  }
}
